// !$*UTF8*$!
{
	archiveVersion = 1;
	classes = {
	};
	objectVersion = 56;
	objects = {

/* Begin PBXBuildFile section */
		74576DA6290EC9D800A761B4 /* iExpense_HWS_7App.swift in Sources */ = {isa = PBXBuildFile; fileRef = 74576DA5290EC9D800A761B4 /* iExpense_HWS_7App.swift */; };
		74576DA8290EC9D800A761B4 /* ContentView.swift in Sources */ = {isa = PBXBuildFile; fileRef = 74576DA7290EC9D800A761B4 /* ContentView.swift */; };
		74576DAA290EC9DD00A761B4 /* Assets.xcassets in Resources */ = {isa = PBXBuildFile; fileRef = 74576DA9290EC9DD00A761B4 /* Assets.xcassets */; };
		74576DAD290EC9DD00A761B4 /* Preview Assets.xcassets in Resources */ = {isa = PBXBuildFile; fileRef = 74576DAC290EC9DD00A761B4 /* Preview Assets.xcassets */; };
		74EC08D5291869C600797C56 /* ExpenseItem.swift in Sources */ = {isa = PBXBuildFile; fileRef = 74EC08D4291869C600797C56 /* ExpenseItem.swift */; };
		74EC08D729186B2800797C56 /* ExpenseViewModel.swift in Sources */ = {isa = PBXBuildFile; fileRef = 74EC08D629186B2800797C56 /* ExpenseViewModel.swift */; };
/* End PBXBuildFile section */

/* Begin PBXFileReference section */
		74576DA2290EC9D800A761B4 /* iExpense-HWS-7.app */ = {isa = PBXFileReference; explicitFileType = wrapper.application; includeInIndex = 0; path = "iExpense-HWS-7.app"; sourceTree = BUILT_PRODUCTS_DIR; };
		74576DA5290EC9D800A761B4 /* iExpense_HWS_7App.swift */ = {isa = PBXFileReference; lastKnownFileType = sourcecode.swift; path = iExpense_HWS_7App.swift; sourceTree = "<group>"; };
		74576DA7290EC9D800A761B4 /* ContentView.swift */ = {isa = PBXFileReference; lastKnownFileType = sourcecode.swift; path = ContentView.swift; sourceTree = "<group>"; };
		74576DA9290EC9DD00A761B4 /* Assets.xcassets */ = {isa = PBXFileReference; lastKnownFileType = folder.assetcatalog; path = Assets.xcassets; sourceTree = "<group>"; };
		74576DAC290EC9DD00A761B4 /* Preview Assets.xcassets */ = {isa = PBXFileReference; lastKnownFileType = folder.assetcatalog; path = "Preview Assets.xcassets"; sourceTree = "<group>"; };
		74EC08D4291869C600797C56 /* ExpenseItem.swift */ = {isa = PBXFileReference; lastKnownFileType = sourcecode.swift; path = ExpenseItem.swift; sourceTree = "<group>"; };
		74EC08D629186B2800797C56 /* ExpenseViewModel.swift */ = {isa = PBXFileReference; lastKnownFileType = sourcecode.swift; path = ExpenseViewModel.swift; sourceTree = "<group>"; };
/* End PBXFileReference section */

/* Begin PBXFrameworksBuildPhase section */
		74576D9F290EC9D800A761B4 /* Frameworks */ = {
			isa = PBXFrameworksBuildPhase;
			buildActionMask = 2147483647;
			files = (
			);
			runOnlyForDeploymentPostprocessing = 0;
		};
/* End PBXFrameworksBuildPhase section */

/* Begin PBXGroup section */
		74576D99290EC9D800A761B4 = {
			isa = PBXGroup;
			children = (
				74576DA4290EC9D800A761B4 /* iExpense-HWS-7 */,
				74576DA3290EC9D800A761B4 /* Products */,
			);
			sourceTree = "<group>";
		};
		74576DA3290EC9D800A761B4 /* Products */ = {
			isa = PBXGroup;
			children = (
				74576DA2290EC9D800A761B4 /* iExpense-HWS-7.app */,
			);
			name = Products;
			sourceTree = "<group>";
		};
		74576DA4290EC9D800A761B4 /* iExpense-HWS-7 */ = {
			isa = PBXGroup;
			children = (
				74576DA5290EC9D800A761B4 /* iExpense_HWS_7App.swift */,
				74EC08D929186B5800797C56 /* Model */,
				74EC08DA29186B7200797C56 /* ViewModel */,
				74EC08D829186B4D00797C56 /* Views */,
				74576DA9290EC9DD00A761B4 /* Assets.xcassets */,
				74576DAB290EC9DD00A761B4 /* Preview Content */,
			);
			path = "iExpense-HWS-7";
			sourceTree = "<group>";
		};
		74576DAB290EC9DD00A761B4 /* Preview Content */ = {
			isa = PBXGroup;
			children = (
				74576DAC290EC9DD00A761B4 /* Preview Assets.xcassets */,
			);
			path = "Preview Content";
			sourceTree = "<group>";
		};
		74EC08D829186B4D00797C56 /* Views */ = {
			isa = PBXGroup;
			children = (
				74576DA7290EC9D800A761B4 /* ContentView.swift */,
			);
			path = Views;
			sourceTree = "<group>";
		};
		74EC08D929186B5800797C56 /* Model */ = {
			isa = PBXGroup;
			children = (
				74EC08D4291869C600797C56 /* ExpenseItem.swift */,
			);
			path = Model;
			sourceTree = "<group>";
		};
		74EC08DA29186B7200797C56 /* ViewModel */ = {
			isa = PBXGroup;
			children = (
				74EC08D629186B2800797C56 /* ExpenseViewModel.swift */,
			);
			path = ViewModel;
			sourceTree = "<group>";
		};
/* End PBXGroup section */

/* Begin PBXNativeTarget section */
		74576DA1290EC9D800A761B4 /* iExpense-HWS-7 */ = {
			isa = PBXNativeTarget;
			buildConfigurationList = 74576DB0290EC9DD00A761B4 /* Build configuration list for PBXNativeTarget "iExpense-HWS-7" */;
			buildPhases = (
				74576D9E290EC9D800A761B4 /* Sources */,
				74576D9F290EC9D800A761B4 /* Frameworks */,
				74576DA0290EC9D800A761B4 /* Resources */,
			);
			buildRules = (
			);
			dependencies = (
			);
			name = "iExpense-HWS-7";
			productName = "iExpense-HWS-7";
			productReference = 74576DA2290EC9D800A761B4 /* iExpense-HWS-7.app */;
			productType = "com.apple.product-type.application";
		};
/* End PBXNativeTarget section */

/* Begin PBXProject section */
		74576D9A290EC9D800A761B4 /* Project object */ = {
			isa = PBXProject;
			attributes = {
				BuildIndependentTargetsInParallel = 1;
				LastSwiftUpdateCheck = 1400;
				LastUpgradeCheck = 1400;
				TargetAttributes = {
					74576DA1290EC9D800A761B4 = {
						CreatedOnToolsVersion = 14.0.1;
					};
				};
			};
			buildConfigurationList = 74576D9D290EC9D800A761B4 /* Build configuration list for PBXProject "iExpense-HWS-7" */;
			compatibilityVersion = "Xcode 14.0";
			developmentRegion = en;
			hasScannedForEncodings = 0;
			knownRegions = (
				en,
				Base,
			);
			mainGroup = 74576D99290EC9D800A761B4;
			productRefGroup = 74576DA3290EC9D800A761B4 /* Products */;
			projectDirPath = "";
			projectRoot = "";
			targets = (
				74576DA1290EC9D800A761B4 /* iExpense-HWS-7 */,
			);
		};
/* End PBXProject section */

/* Begin PBXResourcesBuildPhase section */
		74576DA0290EC9D800A761B4 /* Resources */ = {
			isa = PBXResourcesBuildPhase;
			buildActionMask = 2147483647;
			files = (
				74576DAD290EC9DD00A761B4 /* Preview Assets.xcassets in Resources */,
				74576DAA290EC9DD00A761B4 /* Assets.xcassets in Resources */,
			);
			runOnlyForDeploymentPostprocessing = 0;
		};
/* End PBXResourcesBuildPhase section */

/* Begin PBXSourcesBuildPhase section */
		74576D9E290EC9D800A761B4 /* Sources */ = {
			isa = PBXSourcesBuildPhase;
			buildActionMask = 2147483647;
			files = (
				74EC08D729186B2800797C56 /* ExpenseViewModel.swift in Sources */,
				74576DA8290EC9D800A761B4 /* ContentView.swift in Sources */,
				74EC08D5291869C600797C56 /* ExpenseItem.swift in Sources */,
				74576DA6290EC9D800A761B4 /* iExpense_HWS_7App.swift in Sources */,
			);
			runOnlyForDeploymentPostprocessing = 0;
		};
/* End PBXSourcesBuildPhase section */

/* Begin XCBuildConfiguration section */
		74576DAE290EC9DD00A761B4 /* Debug */ = {
			isa = XCBuildConfiguration;
			buildSettings = {
				ALWAYS_SEARCH_USER_PATHS = NO;
				CLANG_ANALYZER_NONNULL = YES;
				CLANG_ANALYZER_NUMBER_OBJECT_CONVERSION = YES_AGGRESSIVE;
				CLANG_CXX_LANGUAGE_STANDARD = "gnu++20";
				CLANG_ENABLE_MODULES = YES;
				CLANG_ENABLE_OBJC_ARC = YES;
				CLANG_ENABLE_OBJC_WEAK = YES;
				CLANG_WARN_BLOCK_CAPTURE_AUTORELEASING = YES;
				CLANG_WARN_BOOL_CONVERSION = YES;
				CLANG_WARN_COMMA = YES;
				CLANG_WARN_CONSTANT_CONVERSION = YES;
				CLANG_WARN_DEPRECATED_OBJC_IMPLEMENTATIONS = YES;
				CLANG_WARN_DIRECT_OBJC_ISA_USAGE = YES_ERROR;
				CLANG_WARN_DOCUMENTATION_COMMENTS = YES;
				CLANG_WARN_EMPTY_BODY = YES;
				CLANG_WARN_ENUM_CONVERSION = YES;
				CLANG_WARN_INFINITE_RECURSION = YES;
				CLANG_WARN_INT_CONVERSION = YES;
				CLANG_WARN_NON_LITERAL_NULL_CONVERSION = YES;
				CLANG_WARN_OBJC_IMPLICIT_RETAIN_SELF = YES;
				CLANG_WARN_OBJC_LITERAL_CONVERSION = YES;
				CLANG_WARN_OBJC_ROOT_CLASS = YES_ERROR;
				CLANG_WARN_QUOTED_INCLUDE_IN_FRAMEWORK_HEADER = YES;
				CLANG_WARN_RANGE_LOOP_ANALYSIS = YES;
				CLANG_WARN_STRICT_PROTOTYPES = YES;
				CLANG_WARN_SUSPICIOUS_MOVE = YES;
				CLANG_WARN_UNGUARDED_AVAILABILITY = YES_AGGRESSIVE;
				CLANG_WARN_UNREACHABLE_CODE = YES;
				CLANG_WARN__DUPLICATE_METHOD_MATCH = YES;
				COPY_PHASE_STRIP = NO;
				DEBUG_INFORMATION_FORMAT = dwarf;
				ENABLE_STRICT_OBJC_MSGSEND = YES;
				ENABLE_TESTABILITY = YES;
				GCC_C_LANGUAGE_STANDARD = gnu11;
				GCC_DYNAMIC_NO_PIC = NO;
				GCC_NO_COMMON_BLOCKS = YES;
				GCC_OPTIMIZATION_LEVEL = 0;
				GCC_PREPROCESSOR_DEFINITIONS = (
					"DEBUG=1",
					"$(inherited)",
				);
				GCC_WARN_64_TO_32_BIT_CONVERSION = YES;
				GCC_WARN_ABOUT_RETURN_TYPE = YES_ERROR;
				GCC_WARN_UNDECLARED_SELECTOR = YES;
				GCC_WARN_UNINITIALIZED_AUTOS = YES_AGGRESSIVE;
				GCC_WARN_UNUSED_FUNCTION = YES;
				GCC_WARN_UNUSED_VARIABLE = YES;
				IPHONEOS_DEPLOYMENT_TARGET = 16.0;
				MTL_ENABLE_DEBUG_INFO = INCLUDE_SOURCE;
				MTL_FAST_MATH = YES;
				ONLY_ACTIVE_ARCH = YES;
				SDKROOT = iphoneos;
				SWIFT_ACTIVE_COMPILATION_CONDITIONS = DEBUG;
				SWIFT_OPTIMIZATION_LEVEL = "-Onone";
			};
			name = Debug;
		};
		74576DAF290EC9DD00A761B4 /* Release */ = {
			isa = XCBuildConfiguration;
			buildSettings = {
				ALWAYS_SEARCH_USER_PATHS = NO;
				CLANG_ANALYZER_NONNULL = YES;
				CLANG_ANALYZER_NUMBER_OBJECT_CONVERSION = YES_AGGRESSIVE;
				CLANG_CXX_LANGUAGE_STANDARD = "gnu++20";
				CLANG_ENABLE_MODULES = YES;
				CLANG_ENABLE_OBJC_ARC = YES;
				CLANG_ENABLE_OBJC_WEAK = YES;
				CLANG_WARN_BLOCK_CAPTURE_AUTORELEASING = YES;
				CLANG_WARN_BOOL_CONVERSION = YES;
				CLANG_WARN_COMMA = YES;
				CLANG_WARN_CONSTANT_CONVERSION = YES;
				CLANG_WARN_DEPRECATED_OBJC_IMPLEMENTATIONS = YES;
				CLANG_WARN_DIRECT_OBJC_ISA_USAGE = YES_ERROR;
				CLANG_WARN_DOCUMENTATION_COMMENTS = YES;
				CLANG_WARN_EMPTY_BODY = YES;
				CLANG_WARN_ENUM_CONVERSION = YES;
				CLANG_WARN_INFINITE_RECURSION = YES;
				CLANG_WARN_INT_CONVERSION = YES;
				CLANG_WARN_NON_LITERAL_NULL_CONVERSION = YES;
				CLANG_WARN_OBJC_IMPLICIT_RETAIN_SELF = YES;
				CLANG_WARN_OBJC_LITERAL_CONVERSION = YES;
				CLANG_WARN_OBJC_ROOT_CLASS = YES_ERROR;
				CLANG_WARN_QUOTED_INCLUDE_IN_FRAMEWORK_HEADER = YES;
				CLANG_WARN_RANGE_LOOP_ANALYSIS = YES;
				CLANG_WARN_STRICT_PROTOTYPES = YES;
				CLANG_WARN_SUSPICIOUS_MOVE = YES;
				CLANG_WARN_UNGUARDED_AVAILABILITY = YES_AGGRESSIVE;
				CLANG_WARN_UNREACHABLE_CODE = YES;
				CLANG_WARN__DUPLICATE_METHOD_MATCH = YES;
				COPY_PHASE_STRIP = NO;
				DEBUG_INFORMATION_FORMAT = "dwarf-with-dsym";
				ENABLE_NS_ASSERTIONS = NO;
				ENABLE_STRICT_OBJC_MSGSEND = YES;
				GCC_C_LANGUAGE_STANDARD = gnu11;
				GCC_NO_COMMON_BLOCKS = YES;
				GCC_WARN_64_TO_32_BIT_CONVERSION = YES;
				GCC_WARN_ABOUT_RETURN_TYPE = YES_ERROR;
				GCC_WARN_UNDECLARED_SELECTOR = YES;
				GCC_WARN_UNINITIALIZED_AUTOS = YES_AGGRESSIVE;
				GCC_WARN_UNUSED_FUNCTION = YES;
				GCC_WARN_UNUSED_VARIABLE = YES;
				IPHONEOS_DEPLOYMENT_TARGET = 16.0;
				MTL_ENABLE_DEBUG_INFO = NO;
				MTL_FAST_MATH = YES;
				SDKROOT = iphoneos;
				SWIFT_COMPILATION_MODE = wholemodule;
				SWIFT_OPTIMIZATION_LEVEL = "-O";
				VALIDATE_PRODUCT = YES;
			};
			name = Release;
		};
		74576DB1290EC9DD00A761B4 /* Debug */ = {
			isa = XCBuildConfiguration;
			buildSettings = {
				ASSETCATALOG_COMPILER_APPICON_NAME = AppIcon;
				ASSETCATALOG_COMPILER_GLOBAL_ACCENT_COLOR_NAME = AccentColor;
				CODE_SIGN_STYLE = Automatic;
				CURRENT_PROJECT_VERSION = 1;
				DEVELOPMENT_ASSET_PATHS = "\"iExpense-HWS-7/Preview Content\"";
				DEVELOPMENT_TEAM = 95Y447U3W5;
				ENABLE_PREVIEWS = YES;
				GENERATE_INFOPLIST_FILE = YES;
				INFOPLIST_KEY_UIApplicationSceneManifest_Generation = YES;
				INFOPLIST_KEY_UIApplicationSupportsIndirectInputEvents = YES;
				INFOPLIST_KEY_UILaunchScreen_Generation = YES;
				INFOPLIST_KEY_UISupportedInterfaceOrientations_iPad = "UIInterfaceOrientationPortrait UIInterfaceOrientationPortraitUpsideDown UIInterfaceOrientationLandscapeLeft UIInterfaceOrientationLandscapeRight";
				INFOPLIST_KEY_UISupportedInterfaceOrientations_iPhone = "UIInterfaceOrientationPortrait UIInterfaceOrientationLandscapeLeft UIInterfaceOrientationLandscapeRight";
				LD_RUNPATH_SEARCH_PATHS = (
					"$(inherited)",
					"@executable_path/Frameworks",
				);
				MARKETING_VERSION = 1.0;
				PRODUCT_BUNDLE_IDENTIFIER = "com.kevinjeon.iExpense-HWS-7";
				PRODUCT_NAME = "$(TARGET_NAME)";
				SWIFT_EMIT_LOC_STRINGS = YES;
				SWIFT_VERSION = 5.0;
				TARGETED_DEVICE_FAMILY = "1,2";
			};
			name = Debug;
		};
		74576DB2290EC9DD00A761B4 /* Release */ = {
			isa = XCBuildConfiguration;
			buildSettings = {
				ASSETCATALOG_COMPILER_APPICON_NAME = AppIcon;
				ASSETCATALOG_COMPILER_GLOBAL_ACCENT_COLOR_NAME = AccentColor;
				CODE_SIGN_STYLE = Automatic;
				CURRENT_PROJECT_VERSION = 1;
				DEVELOPMENT_ASSET_PATHS = "\"iExpense-HWS-7/Preview Content\"";
				DEVELOPMENT_TEAM = 95Y447U3W5;
				ENABLE_PREVIEWS = YES;
				GENERATE_INFOPLIST_FILE = YES;
				INFOPLIST_KEY_UIApplicationSceneManifest_Generation = YES;
				INFOPLIST_KEY_UIApplicationSupportsIndirectInputEvents = YES;
				INFOPLIST_KEY_UILaunchScreen_Generation = YES;
				INFOPLIST_KEY_UISupportedInterfaceOrientations_iPad = "UIInterfaceOrientationPortrait UIInterfaceOrientationPortraitUpsideDown UIInterfaceOrientationLandscapeLeft UIInterfaceOrientationLandscapeRight";
				INFOPLIST_KEY_UISupportedInterfaceOrientations_iPhone = "UIInterfaceOrientationPortrait UIInterfaceOrientationLandscapeLeft UIInterfaceOrientationLandscapeRight";
				LD_RUNPATH_SEARCH_PATHS = (
					"$(inherited)",
					"@executable_path/Frameworks",
				);
				MARKETING_VERSION = 1.0;
				PRODUCT_BUNDLE_IDENTIFIER = "com.kevinjeon.iExpense-HWS-7";
				PRODUCT_NAME = "$(TARGET_NAME)";
				SWIFT_EMIT_LOC_STRINGS = YES;
				SWIFT_VERSION = 5.0;
				TARGETED_DEVICE_FAMILY = "1,2";
			};
			name = Release;
		};
/* End XCBuildConfiguration section */

/* Begin XCConfigurationList section */
		74576D9D290EC9D800A761B4 /* Build configuration list for PBXProject "iExpense-HWS-7" */ = {
			isa = XCConfigurationList;
			buildConfigurations = (
				74576DAE290EC9DD00A761B4 /* Debug */,
				74576DAF290EC9DD00A761B4 /* Release */,
			);
			defaultConfigurationIsVisible = 0;
			defaultConfigurationName = Release;
		};
		74576DB0290EC9DD00A761B4 /* Build configuration list for PBXNativeTarget "iExpense-HWS-7" */ = {
			isa = XCConfigurationList;
			buildConfigurations = (
				74576DB1290EC9DD00A761B4 /* Debug */,
				74576DB2290EC9DD00A761B4 /* Release */,
			);
			defaultConfigurationIsVisible = 0;
			defaultConfigurationName = Release;
		};
/* End XCConfigurationList section */
	};
	rootObject = 74576D9A290EC9D800A761B4 /* Project object */;
}
